<?xml version="1.0" encoding="utf-8"?>
<Project ToolsVersion="4.0" xmlns="http://schemas.microsoft.com/developer/msbuild/2003">
  <ItemGroup>
    <Filter Include="源文件">
      <UniqueIdentifier>{4FC737F1-C7A5-4376-A066-2A32D752A2FF}</UniqueIdentifier>
      <Extensions>cpp;c;cc;cxx;def;odl;idl;hpj;bat;asm;asmx</Extensions>
    </Filter>
    <Filter Include="头文件">
      <UniqueIdentifier>{93995380-89BD-4b04-88EB-625FBE52EBFB}</UniqueIdentifier>
      <Extensions>h;hh;hpp;hxx;hm;inl;inc;ipp;xsd</Extensions>
    </Filter>
    <Filter Include="资源文件">
      <UniqueIdentifier>{67DA6AB6-F800-4c08-8B7A-83BB121AAD01}</UniqueIdentifier>
      <Extensions>rc;ico;cur;bmp;dlg;rc2;rct;bin;rgs;gif;jpg;jpeg;jpe;resx;tiff;tif;png;wav;mfcribbon-ms</Extensions>
    </Filter>
    <Filter Include="网络">
      <UniqueIdentifier>{8b0b6591-df44-4b50-b569-0d8f6cd39ffe}</UniqueIdentifier>
    </Filter>
    <Filter Include="注册窗口">
      <UniqueIdentifier>{035bc002-8894-48a6-8ab9-f0f69bb3256b}</UniqueIdentifier>
    </Filter>
    <Filter Include="登陆窗口">
      <UniqueIdentifier>{92fce941-ac4a-4d35-aa73-ce7d2e70dca5}</UniqueIdentifier>
    </Filter>
  </ItemGroup>
  <ItemGroup>
    <ClInclude Include="chat_client.h">
      <Filter>头文件</Filter>
    </ClInclude>
    <ClInclude Include="stdafx.h">
      <Filter>头文件</Filter>
    </ClInclude>
    <ClInclude Include="targetver.h">
      <Filter>头文件</Filter>
    </ClInclude>
    <ClInclude Include="Resource.h">
      <Filter>头文件</Filter>
    </ClInclude>
    <ClInclude Include="data.h">
      <Filter>头文件</Filter>
    </ClInclude>
    <ClInclude Include="CMyListCtrl.h">
      <Filter>头文件</Filter>
    </ClInclude>
    <ClInclude Include="CMyTabCtrl.h">
      <Filter>头文件</Filter>
    </ClInclude>
    <ClInclude Include="CMainDia.h">
      <Filter>头文件</Filter>
    </ClInclude>
    <ClInclude Include="CFriendDlg.h">
      <Filter>头文件</Filter>
    </ClInclude>
    <ClInclude Include="CChatRoom.h">
      <Filter>头文件</Filter>
    </ClInclude>
    <ClInclude Include="CMySocket.h">
      <Filter>网络</Filter>
    </ClInclude>
    <ClInclude Include="CRegDla.h">
      <Filter>注册窗口</Filter>
    </ClInclude>
    <ClInclude Include="chat_clientDlg.h">
      <Filter>登陆窗口</Filter>
    </ClInclude>
  </ItemGroup>
  <ItemGroup>
    <ClCompile Include="chat_client.cpp">
      <Filter>源文件</Filter>
    </ClCompile>
    <ClCompile Include="stdafx.cpp">
      <Filter>源文件</Filter>
    </ClCompile>
    <ClCompile Include="CMyListCtrl.cpp">
      <Filter>源文件</Filter>
    </ClCompile>
    <ClCompile Include="CMyTabCtrl.cpp">
      <Filter>源文件</Filter>
    </ClCompile>
    <ClCompile Include="CMainDia.cpp">
      <Filter>源文件</Filter>
    </ClCompile>
    <ClCompile Include="CFriendDlg.cpp">
      <Filter>源文件</Filter>
    </ClCompile>
    <ClCompile Include="CChatRoom.cpp">
      <Filter>源文件</Filter>
    </ClCompile>
    <ClCompile Include="CMySocket.cpp">
      <Filter>网络</Filter>
    </ClCompile>
    <ClCompile Include="CRegDla.cpp">
      <Filter>注册窗口</Filter>
    </ClCompile>
    <ClCompile Include="chat_clientDlg.cpp">
      <Filter>登陆窗口</Filter>
    </ClCompile>
  </ItemGroup>
  <ItemGroup>
    <ResourceCompile Include="chatclient.rc">
      <Filter>资源文件</Filter>
    </ResourceCompile>
  </ItemGroup>
  <ItemGroup>
    <None Include="res\chatclient.rc2">
      <Filter>资源文件</Filter>
    </None>
  </ItemGroup>
  <ItemGroup>
    <Image Include="res\chat_client.ico">
      <Filter>资源文件</Filter>
    </Image>
    <Image Include="r2.ico">
      <Filter>资源文件</Filter>
    </Image>
    <Image Include="校园兼职.bmp">
      <Filter>资源文件</Filter>
    </Image>
  </ItemGroup>
</Project>